
Microsoft Visual Studio Solution File, Format Version 12.00
# Visual Studio Version 16
VisualStudioVersion = 16.0.29519.87
MinimumVisualStudioVersion = 10.0.40219.1
Project("{FAE04EC0-301F-11D3-BF4B-00C04F79EFBC}") = "ArduinoBrightness", "ArduinoBrightness.csproj", "{39365F98-84D1-460E-A905-7F9D33E4A4FE}"
EndProject
Global
	GlobalSection(SolutionConfigurationPlatforms) = preSolution
		Debug|Any CPU = Debug|Any CPU
		Release|Any CPU = Release|Any CPU
	EndGlobalSection
	GlobalSection(ProjectConfigurationPlatforms) = postSolution
		{39365F98-84D1-460E-A905-7F9D33E4A4FE}.Debug|Any CPU.ActiveCfg = Debug|Any CPU
		{39365F98-84D1-460E-A905-7F9D33E4A4FE}.Debug|Any CPU.Build.0 = Debug|Any CPU
		{39365F98-84D1-460E-A905-7F9D33E4A4FE}.Release|Any CPU.ActiveCfg = Release|Any CPU
		{39365F98-84D1-460E-A905-7F9D33E4A4FE}.Release|Any CPU.Build.0 = Release|Any CPU
	EndGlobalSection
	GlobalSection(SolutionProperties) = preSolution
		HideSolutionNode = FALSE
	EndGlobalSection
	GlobalSection(ExtensibilityGlobals) = postSolution
		SolutionGuid = {0693014B-C30E-480E-8BD3-2E43A41E9F7D}
	EndGlobalSection
EndGlobal
